// !$*UTF8*$!
{
	archiveVersion = 1;
	classes = {
	};
	objectVersion = 50;
	objects = {

/* Begin PBXBuildFile section */
		02021814213B22330071E1BB /* BoardCreationController.swift in Sources */ = {isa = PBXBuildFile; fileRef = 02021813213B22330071E1BB /* BoardCreationController.swift */; };
		0202181B213B2EDA0071E1BB /* RobotPlaygroundViewController.swift in Sources */ = {isa = PBXBuildFile; fileRef = 02021819213B2EDA0071E1BB /* RobotPlaygroundViewController.swift */; };
		0202181C213B2EDA0071E1BB /* RobotPlaygroundViewController.xib in Resources */ = {isa = PBXBuildFile; fileRef = 0202181A213B2EDA0071E1BB /* RobotPlaygroundViewController.xib */; };
		027E6D3D213AFFE300A65976 /* AppDelegate.swift in Sources */ = {isa = PBXBuildFile; fileRef = 027E6D3C213AFFE300A65976 /* AppDelegate.swift */; };
		027E6D42213AFFE300A65976 /* Main.storyboard in Resources */ = {isa = PBXBuildFile; fileRef = 027E6D40213AFFE300A65976 /* Main.storyboard */; };
		027E6D44213AFFE600A65976 /* Assets.xcassets in Resources */ = {isa = PBXBuildFile; fileRef = 027E6D43213AFFE600A65976 /* Assets.xcassets */; };
		027E6D47213AFFE600A65976 /* LaunchScreen.storyboard in Resources */ = {isa = PBXBuildFile; fileRef = 027E6D45213AFFE600A65976 /* LaunchScreen.storyboard */; };
		027E6D52213AFFE600A65976 /* RobotDreamTests.swift in Sources */ = {isa = PBXBuildFile; fileRef = 027E6D51213AFFE600A65976 /* RobotDreamTests.swift */; };
		027E6D5E213B01AE00A65976 /* Position.swift in Sources */ = {isa = PBXBuildFile; fileRef = 027E6D5D213B01AE00A65976 /* Position.swift */; };
		027E6D60213B01C600A65976 /* Move.swift in Sources */ = {isa = PBXBuildFile; fileRef = 027E6D5F213B01C600A65976 /* Move.swift */; };
		027E6D62213B01E900A65976 /* Orientation.swift in Sources */ = {isa = PBXBuildFile; fileRef = 027E6D61213B01E900A65976 /* Orientation.swift */; };
		027E6D64213B021D00A65976 /* Board.swift in Sources */ = {isa = PBXBuildFile; fileRef = 027E6D63213B021D00A65976 /* Board.swift */; };
		027E6D69213B031200A65976 /* RobotController.swift in Sources */ = {isa = PBXBuildFile; fileRef = 027E6D68213B031200A65976 /* RobotController.swift */; };
		027E6D6D213B144900A65976 /* PositionCalculator.swift in Sources */ = {isa = PBXBuildFile; fileRef = 027E6D6C213B144900A65976 /* PositionCalculator.swift */; };
/* End PBXBuildFile section */

/* Begin PBXContainerItemProxy section */
		027E6D4E213AFFE600A65976 /* PBXContainerItemProxy */ = {
			isa = PBXContainerItemProxy;
			containerPortal = 027E6D31213AFFE300A65976 /* Project object */;
			proxyType = 1;
			remoteGlobalIDString = 027E6D38213AFFE300A65976;
			remoteInfo = RobotDream;
		};
/* End PBXContainerItemProxy section */

/* Begin PBXFileReference section */
		02021813213B22330071E1BB /* BoardCreationController.swift */ = {isa = PBXFileReference; lastKnownFileType = sourcecode.swift; path = BoardCreationController.swift; sourceTree = "<group>"; };
		02021819213B2EDA0071E1BB /* RobotPlaygroundViewController.swift */ = {isa = PBXFileReference; lastKnownFileType = sourcecode.swift; path = RobotPlaygroundViewController.swift; sourceTree = "<group>"; };
		0202181A213B2EDA0071E1BB /* RobotPlaygroundViewController.xib */ = {isa = PBXFileReference; lastKnownFileType = file.xib; path = RobotPlaygroundViewController.xib; sourceTree = "<group>"; };
		027E6D39213AFFE300A65976 /* RobotDream.app */ = {isa = PBXFileReference; explicitFileType = wrapper.application; includeInIndex = 0; path = RobotDream.app; sourceTree = BUILT_PRODUCTS_DIR; };
		027E6D3C213AFFE300A65976 /* AppDelegate.swift */ = {isa = PBXFileReference; lastKnownFileType = sourcecode.swift; path = AppDelegate.swift; sourceTree = "<group>"; };
		027E6D41213AFFE300A65976 /* Base */ = {isa = PBXFileReference; lastKnownFileType = file.storyboard; name = Base; path = Base.lproj/Main.storyboard; sourceTree = "<group>"; };
		027E6D43213AFFE600A65976 /* Assets.xcassets */ = {isa = PBXFileReference; lastKnownFileType = folder.assetcatalog; path = Assets.xcassets; sourceTree = "<group>"; };
		027E6D46213AFFE600A65976 /* Base */ = {isa = PBXFileReference; lastKnownFileType = file.storyboard; name = Base; path = Base.lproj/LaunchScreen.storyboard; sourceTree = "<group>"; };
		027E6D48213AFFE600A65976 /* Info.plist */ = {isa = PBXFileReference; lastKnownFileType = text.plist.xml; path = Info.plist; sourceTree = "<group>"; };
		027E6D4D213AFFE600A65976 /* RobotDreamTests.xctest */ = {isa = PBXFileReference; explicitFileType = wrapper.cfbundle; includeInIndex = 0; path = RobotDreamTests.xctest; sourceTree = BUILT_PRODUCTS_DIR; };
		027E6D51213AFFE600A65976 /* RobotDreamTests.swift */ = {isa = PBXFileReference; lastKnownFileType = sourcecode.swift; path = RobotDreamTests.swift; sourceTree = "<group>"; };
		027E6D53213AFFE600A65976 /* Info.plist */ = {isa = PBXFileReference; lastKnownFileType = text.plist.xml; path = Info.plist; sourceTree = "<group>"; };
		027E6D5D213B01AE00A65976 /* Position.swift */ = {isa = PBXFileReference; lastKnownFileType = sourcecode.swift; path = Position.swift; sourceTree = "<group>"; };
		027E6D5F213B01C600A65976 /* Move.swift */ = {isa = PBXFileReference; lastKnownFileType = sourcecode.swift; path = Move.swift; sourceTree = "<group>"; };
		027E6D61213B01E900A65976 /* Orientation.swift */ = {isa = PBXFileReference; lastKnownFileType = sourcecode.swift; path = Orientation.swift; sourceTree = "<group>"; };
		027E6D63213B021D00A65976 /* Board.swift */ = {isa = PBXFileReference; lastKnownFileType = sourcecode.swift; path = Board.swift; sourceTree = "<group>"; };
		027E6D68213B031200A65976 /* RobotController.swift */ = {isa = PBXFileReference; lastKnownFileType = sourcecode.swift; path = RobotController.swift; sourceTree = "<group>"; };
		027E6D6C213B144900A65976 /* PositionCalculator.swift */ = {isa = PBXFileReference; lastKnownFileType = sourcecode.swift; path = PositionCalculator.swift; sourceTree = "<group>"; };
/* End PBXFileReference section */

/* Begin PBXFrameworksBuildPhase section */
		027E6D36213AFFE300A65976 /* Frameworks */ = {
			isa = PBXFrameworksBuildPhase;
			buildActionMask = 2147483647;
			files = (
			);
			runOnlyForDeploymentPostprocessing = 0;
		};
		027E6D4A213AFFE600A65976 /* Frameworks */ = {
			isa = PBXFrameworksBuildPhase;
			buildActionMask = 2147483647;
			files = (
			);
			runOnlyForDeploymentPostprocessing = 0;
		};
/* End PBXFrameworksBuildPhase section */

/* Begin PBXGroup section */
		02021812213B220E0071E1BB /* ViewControllers */ = {
			isa = PBXGroup;
			children = (
				02021813213B22330071E1BB /* BoardCreationController.swift */,
				02021819213B2EDA0071E1BB /* RobotPlaygroundViewController.swift */,
				0202181A213B2EDA0071E1BB /* RobotPlaygroundViewController.xib */,
			);
			path = ViewControllers;
			sourceTree = "<group>";
		};
		027E6D30213AFFE300A65976 = {
			isa = PBXGroup;
			children = (
				027E6D3B213AFFE300A65976 /* RobotDream */,
				027E6D50213AFFE600A65976 /* RobotDreamTests */,
				027E6D3A213AFFE300A65976 /* Products */,
			);
			sourceTree = "<group>";
		};
		027E6D3A213AFFE300A65976 /* Products */ = {
			isa = PBXGroup;
			children = (
				027E6D39213AFFE300A65976 /* RobotDream.app */,
				027E6D4D213AFFE600A65976 /* RobotDreamTests.xctest */,
			);
			name = Products;
			sourceTree = "<group>";
		};
		027E6D3B213AFFE300A65976 /* RobotDream */ = {
			isa = PBXGroup;
			children = (
				02021812213B220E0071E1BB /* ViewControllers */,
				027E6D67213B02E800A65976 /* Services */,
				027E6D5C213B01A200A65976 /* Models */,
				027E6D3C213AFFE300A65976 /* AppDelegate.swift */,
				027E6D40213AFFE300A65976 /* Main.storyboard */,
				027E6D43213AFFE600A65976 /* Assets.xcassets */,
				027E6D45213AFFE600A65976 /* LaunchScreen.storyboard */,
				027E6D48213AFFE600A65976 /* Info.plist */,
			);
			path = RobotDream;
			sourceTree = "<group>";
		};
		027E6D50213AFFE600A65976 /* RobotDreamTests */ = {
			isa = PBXGroup;
			children = (
				027E6D51213AFFE600A65976 /* RobotDreamTests.swift */,
				027E6D53213AFFE600A65976 /* Info.plist */,
			);
			path = RobotDreamTests;
			sourceTree = "<group>";
		};
		027E6D5C213B01A200A65976 /* Models */ = {
			isa = PBXGroup;
			children = (
				027E6D5D213B01AE00A65976 /* Position.swift */,
				027E6D5F213B01C600A65976 /* Move.swift */,
				027E6D61213B01E900A65976 /* Orientation.swift */,
				027E6D63213B021D00A65976 /* Board.swift */,
			);
			path = Models;
			sourceTree = "<group>";
		};
		027E6D67213B02E800A65976 /* Services */ = {
			isa = PBXGroup;
			children = (
				027E6D68213B031200A65976 /* RobotController.swift */,
				027E6D6C213B144900A65976 /* PositionCalculator.swift */,
			);
			path = Services;
			sourceTree = "<group>";
		};
/* End PBXGroup section */

/* Begin PBXNativeTarget section */
		027E6D38213AFFE300A65976 /* RobotDream */ = {
			isa = PBXNativeTarget;
			buildConfigurationList = 027E6D56213AFFE600A65976 /* Build configuration list for PBXNativeTarget "RobotDream" */;
			buildPhases = (
				027E6D35213AFFE300A65976 /* Sources */,
				027E6D36213AFFE300A65976 /* Frameworks */,
				027E6D37213AFFE300A65976 /* Resources */,
			);
			buildRules = (
			);
			dependencies = (
			);
			name = RobotDream;
			productName = RobotDream;
			productReference = 027E6D39213AFFE300A65976 /* RobotDream.app */;
			productType = "com.apple.product-type.application";
		};
		027E6D4C213AFFE600A65976 /* RobotDreamTests */ = {
			isa = PBXNativeTarget;
			buildConfigurationList = 027E6D59213AFFE600A65976 /* Build configuration list for PBXNativeTarget "RobotDreamTests" */;
			buildPhases = (
				027E6D49213AFFE600A65976 /* Sources */,
				027E6D4A213AFFE600A65976 /* Frameworks */,
				027E6D4B213AFFE600A65976 /* Resources */,
			);
			buildRules = (
			);
			dependencies = (
				027E6D4F213AFFE600A65976 /* PBXTargetDependency */,
			);
			name = RobotDreamTests;
			productName = RobotDreamTests;
			productReference = 027E6D4D213AFFE600A65976 /* RobotDreamTests.xctest */;
			productType = "com.apple.product-type.bundle.unit-test";
		};
/* End PBXNativeTarget section */

/* Begin PBXProject section */
		027E6D31213AFFE300A65976 /* Project object */ = {
			isa = PBXProject;
			attributes = {
				LastSwiftUpdateCheck = 0940;
				LastUpgradeCheck = 0940;
				ORGANIZATIONNAME = "Dan Andoni";
				TargetAttributes = {
					027E6D38213AFFE300A65976 = {
						CreatedOnToolsVersion = 9.4.1;
					};
					027E6D4C213AFFE600A65976 = {
						CreatedOnToolsVersion = 9.4.1;
						TestTargetID = 027E6D38213AFFE300A65976;
					};
				};
			};
			buildConfigurationList = 027E6D34213AFFE300A65976 /* Build configuration list for PBXProject "RobotDream" */;
			compatibilityVersion = "Xcode 9.3";
			developmentRegion = en;
			hasScannedForEncodings = 0;
			knownRegions = (
				en,
				Base,
			);
			mainGroup = 027E6D30213AFFE300A65976;
			productRefGroup = 027E6D3A213AFFE300A65976 /* Products */;
			projectDirPath = "";
			projectRoot = "";
			targets = (
				027E6D38213AFFE300A65976 /* RobotDream */,
				027E6D4C213AFFE600A65976 /* RobotDreamTests */,
			);
		};
/* End PBXProject section */

/* Begin PBXResourcesBuildPhase section */
		027E6D37213AFFE300A65976 /* Resources */ = {
			isa = PBXResourcesBuildPhase;
			buildActionMask = 2147483647;
			files = (
				027E6D47213AFFE600A65976 /* LaunchScreen.storyboard in Resources */,
				0202181C213B2EDA0071E1BB /* RobotPlaygroundViewController.xib in Resources */,
				027E6D44213AFFE600A65976 /* Assets.xcassets in Resources */,
				027E6D42213AFFE300A65976 /* Main.storyboard in Resources */,
			);
			runOnlyForDeploymentPostprocessing = 0;
		};
		027E6D4B213AFFE600A65976 /* Resources */ = {
			isa = PBXResourcesBuildPhase;
			buildActionMask = 2147483647;
			files = (
			);
			runOnlyForDeploymentPostprocessing = 0;
		};
/* End PBXResourcesBuildPhase section */

/* Begin PBXSourcesBuildPhase section */
		027E6D35213AFFE300A65976 /* Sources */ = {
			isa = PBXSourcesBuildPhase;
			buildActionMask = 2147483647;
			files = (
				027E6D6D213B144900A65976 /* PositionCalculator.swift in Sources */,
				02021814213B22330071E1BB /* BoardCreationController.swift in Sources */,
				0202181B213B2EDA0071E1BB /* RobotPlaygroundViewController.swift in Sources */,
				027E6D60213B01C600A65976 /* Move.swift in Sources */,
				027E6D62213B01E900A65976 /* Orientation.swift in Sources */,
				027E6D69213B031200A65976 /* RobotController.swift in Sources */,
				027E6D64213B021D00A65976 /* Board.swift in Sources */,
				027E6D3D213AFFE300A65976 /* AppDelegate.swift in Sources */,
				027E6D5E213B01AE00A65976 /* Position.swift in Sources */,
			);
			runOnlyForDeploymentPostprocessing = 0;
		};
		027E6D49213AFFE600A65976 /* Sources */ = {
			isa = PBXSourcesBuildPhase;
			buildActionMask = 2147483647;
			files = (
				027E6D52213AFFE600A65976 /* RobotDreamTests.swift in Sources */,
			);
			runOnlyForDeploymentPostprocessing = 0;
		};
/* End PBXSourcesBuildPhase section */

/* Begin PBXTargetDependency section */
		027E6D4F213AFFE600A65976 /* PBXTargetDependency */ = {
			isa = PBXTargetDependency;
			target = 027E6D38213AFFE300A65976 /* RobotDream */;
			targetProxy = 027E6D4E213AFFE600A65976 /* PBXContainerItemProxy */;
		};
/* End PBXTargetDependency section */

/* Begin PBXVariantGroup section */
		027E6D40213AFFE300A65976 /* Main.storyboard */ = {
			isa = PBXVariantGroup;
			children = (
				027E6D41213AFFE300A65976 /* Base */,
			);
			name = Main.storyboard;
			sourceTree = "<group>";
		};
		027E6D45213AFFE600A65976 /* LaunchScreen.storyboard */ = {
			isa = PBXVariantGroup;
			children = (
				027E6D46213AFFE600A65976 /* Base */,
			);
			name = LaunchScreen.storyboard;
			sourceTree = "<group>";
		};
/* End PBXVariantGroup section */

/* Begin XCBuildConfiguration section */
		027E6D54213AFFE600A65976 /* Debug */ = {
			isa = XCBuildConfiguration;
			buildSettings = {
				ALWAYS_SEARCH_USER_PATHS = NO;
				CLANG_ANALYZER_NONNULL = YES;
				CLANG_ANALYZER_NUMBER_OBJECT_CONVERSION = YES_AGGRESSIVE;
				CLANG_CXX_LANGUAGE_STANDARD = "gnu++14";
				CLANG_CXX_LIBRARY = "libc++";
				CLANG_ENABLE_MODULES = YES;
				CLANG_ENABLE_OBJC_ARC = YES;
				CLANG_ENABLE_OBJC_WEAK = YES;
				CLANG_WARN_BLOCK_CAPTURE_AUTORELEASING = YES;
				CLANG_WARN_BOOL_CONVERSION = YES;
				CLANG_WARN_COMMA = YES;
				CLANG_WARN_CONSTANT_CONVERSION = YES;
				CLANG_WARN_DEPRECATED_OBJC_IMPLEMENTATIONS = YES;
				CLANG_WARN_DIRECT_OBJC_ISA_USAGE = YES_ERROR;
				CLANG_WARN_DOCUMENTATION_COMMENTS = YES;
				CLANG_WARN_EMPTY_BODY = YES;
				CLANG_WARN_ENUM_CONVERSION = YES;
				CLANG_WARN_INFINITE_RECURSION = YES;
				CLANG_WARN_INT_CONVERSION = YES;
				CLANG_WARN_NON_LITERAL_NULL_CONVERSION = YES;
				CLANG_WARN_OBJC_IMPLICIT_RETAIN_SELF = YES;
				CLANG_WARN_OBJC_LITERAL_CONVERSION = YES;
				CLANG_WARN_OBJC_ROOT_CLASS = YES_ERROR;
				CLANG_WARN_RANGE_LOOP_ANALYSIS = YES;
				CLANG_WARN_STRICT_PROTOTYPES = YES;
				CLANG_WARN_SUSPICIOUS_MOVE = YES;
				CLANG_WARN_UNGUARDED_AVAILABILITY = YES_AGGRESSIVE;
				CLANG_WARN_UNREACHABLE_CODE = YES;
				CLANG_WARN__DUPLICATE_METHOD_MATCH = YES;
				CODE_SIGN_IDENTITY = "iPhone Developer";
				COPY_PHASE_STRIP = NO;
				DEBUG_INFORMATION_FORMAT = dwarf;
				ENABLE_STRICT_OBJC_MSGSEND = YES;
				ENABLE_TESTABILITY = YES;
				GCC_C_LANGUAGE_STANDARD = gnu11;
				GCC_DYNAMIC_NO_PIC = NO;
				GCC_NO_COMMON_BLOCKS = YES;
				GCC_OPTIMIZATION_LEVEL = 0;
				GCC_PREPROCESSOR_DEFINITIONS = (
					"DEBUG=1",
					"$(inherited)",
				);
				GCC_WARN_64_TO_32_BIT_CONVERSION = YES;
				GCC_WARN_ABOUT_RETURN_TYPE = YES_ERROR;
				GCC_WARN_UNDECLARED_SELECTOR = YES;
				GCC_WARN_UNINITIALIZED_AUTOS = YES_AGGRESSIVE;
				GCC_WARN_UNUSED_FUNCTION = YES;
				GCC_WARN_UNUSED_VARIABLE = YES;
				IPHONEOS_DEPLOYMENT_TARGET = 11.4;
				MTL_ENABLE_DEBUG_INFO = YES;
				ONLY_ACTIVE_ARCH = YES;
				SDKROOT = iphoneos;
				SWIFT_ACTIVE_COMPILATION_CONDITIONS = DEBUG;
				SWIFT_OPTIMIZATION_LEVEL = "-Onone";
			};
			name = Debug;
		};
		027E6D55213AFFE600A65976 /* Release */ = {
			isa = XCBuildConfiguration;
			buildSettings = {
				ALWAYS_SEARCH_USER_PATHS = NO;
				CLANG_ANALYZER_NONNULL = YES;
				CLANG_ANALYZER_NUMBER_OBJECT_CONVERSION = YES_AGGRESSIVE;
				CLANG_CXX_LANGUAGE_STANDARD = "gnu++14";
				CLANG_CXX_LIBRARY = "libc++";
				CLANG_ENABLE_MODULES = YES;
				CLANG_ENABLE_OBJC_ARC = YES;
				CLANG_ENABLE_OBJC_WEAK = YES;
				CLANG_WARN_BLOCK_CAPTURE_AUTORELEASING = YES;
				CLANG_WARN_BOOL_CONVERSION = YES;
				CLANG_WARN_COMMA = YES;
				CLANG_WARN_CONSTANT_CONVERSION = YES;
				CLANG_WARN_DEPRECATED_OBJC_IMPLEMENTATIONS = YES;
				CLANG_WARN_DIRECT_OBJC_ISA_USAGE = YES_ERROR;
				CLANG_WARN_DOCUMENTATION_COMMENTS = YES;
				CLANG_WARN_EMPTY_BODY = YES;
				CLANG_WARN_ENUM_CONVERSION = YES;
				CLANG_WARN_INFINITE_RECURSION = YES;
				CLANG_WARN_INT_CONVERSION = YES;
				CLANG_WARN_NON_LITERAL_NULL_CONVERSION = YES;
				CLANG_WARN_OBJC_IMPLICIT_RETAIN_SELF = YES;
				CLANG_WARN_OBJC_LITERAL_CONVERSION = YES;
				CLANG_WARN_OBJC_ROOT_CLASS = YES_ERROR;
				CLANG_WARN_RANGE_LOOP_ANALYSIS = YES;
				CLANG_WARN_STRICT_PROTOTYPES = YES;
				CLANG_WARN_SUSPICIOUS_MOVE = YES;
				CLANG_WARN_UNGUARDED_AVAILABILITY = YES_AGGRESSIVE;
				CLANG_WARN_UNREACHABLE_CODE = YES;
				CLANG_WARN__DUPLICATE_METHOD_MATCH = YES;
				CODE_SIGN_IDENTITY = "iPhone Developer";
				COPY_PHASE_STRIP = NO;
				DEBUG_INFORMATION_FORMAT = "dwarf-with-dsym";
				ENABLE_NS_ASSERTIONS = NO;
				ENABLE_STRICT_OBJC_MSGSEND = YES;
				GCC_C_LANGUAGE_STANDARD = gnu11;
				GCC_NO_COMMON_BLOCKS = YES;
				GCC_WARN_64_TO_32_BIT_CONVERSION = YES;
				GCC_WARN_ABOUT_RETURN_TYPE = YES_ERROR;
				GCC_WARN_UNDECLARED_SELECTOR = YES;
				GCC_WARN_UNINITIALIZED_AUTOS = YES_AGGRESSIVE;
				GCC_WARN_UNUSED_FUNCTION = YES;
				GCC_WARN_UNUSED_VARIABLE = YES;
				IPHONEOS_DEPLOYMENT_TARGET = 11.4;
				MTL_ENABLE_DEBUG_INFO = NO;
				SDKROOT = iphoneos;
				SWIFT_COMPILATION_MODE = wholemodule;
				SWIFT_OPTIMIZATION_LEVEL = "-O";
				VALIDATE_PRODUCT = YES;
			};
			name = Release;
		};
		027E6D57213AFFE600A65976 /* Debug */ = {
			isa = XCBuildConfiguration;
			buildSettings = {
				ASSETCATALOG_COMPILER_APPICON_NAME = AppIcon;
				CODE_SIGN_STYLE = Automatic;
				DEVELOPMENT_TEAM = VV225MW9XH;
				INFOPLIST_FILE = RobotDream/Info.plist;
				LD_RUNPATH_SEARCH_PATHS = (
					"$(inherited)",
					"@executable_path/Frameworks",
				);
				PRODUCT_BUNDLE_IDENTIFIER = com.andoniworks.RobotDream;
				PRODUCT_NAME = "$(TARGET_NAME)";
				SWIFT_VERSION = 4.0;
				TARGETED_DEVICE_FAMILY = "1,2";
			};
			name = Debug;
		};
		027E6D58213AFFE600A65976 /* Release */ = {
			isa = XCBuildConfiguration;
			buildSettings = {
				ASSETCATALOG_COMPILER_APPICON_NAME = AppIcon;
				CODE_SIGN_STYLE = Automatic;
				DEVELOPMENT_TEAM = VV225MW9XH;
				INFOPLIST_FILE = RobotDream/Info.plist;
				LD_RUNPATH_SEARCH_PATHS = (
					"$(inherited)",
					"@executable_path/Frameworks",
				);
				PRODUCT_BUNDLE_IDENTIFIER = com.andoniworks.RobotDream;
				PRODUCT_NAME = "$(TARGET_NAME)";
				SWIFT_VERSION = 4.0;
				TARGETED_DEVICE_FAMILY = "1,2";
			};
			name = Release;
		};
		027E6D5A213AFFE600A65976 /* Debug */ = {
			isa = XCBuildConfiguration;
			buildSettings = {
				ALWAYS_EMBED_SWIFT_STANDARD_LIBRARIES = YES;
				BUNDLE_LOADER = "$(TEST_HOST)";
				CODE_SIGN_STYLE = Automatic;
				DEVELOPMENT_TEAM = VV225MW9XH;
				INFOPLIST_FILE = RobotDreamTests/Info.plist;
				LD_RUNPATH_SEARCH_PATHS = (
					"$(inherited)",
					"@executable_path/Frameworks",
					"@loader_path/Frameworks",
				);
				PRODUCT_BUNDLE_IDENTIFIER = com.andoniworks.RobotDreamTests;
				PRODUCT_NAME = "$(TARGET_NAME)";
				SWIFT_VERSION = 4.0;
				TARGETED_DEVICE_FAMILY = "1,2";
				TEST_HOST = "$(BUILT_PRODUCTS_DIR)/RobotDream.app/RobotDream";
			};
			name = Debug;
		};
		027E6D5B213AFFE600A65976 /* Release */ = {
			isa = XCBuildConfiguration;
			buildSettings = {
				ALWAYS_EMBED_SWIFT_STANDARD_LIBRARIES = YES;
				BUNDLE_LOADER = "$(TEST_HOST)";
				CODE_SIGN_STYLE = Automatic;
				DEVELOPMENT_TEAM = VV225MW9XH;
				INFOPLIST_FILE = RobotDreamTests/Info.plist;
				LD_RUNPATH_SEARCH_PATHS = (
					"$(inherited)",
					"@executable_path/Frameworks",
					"@loader_path/Frameworks",
				);
				PRODUCT_BUNDLE_IDENTIFIER = com.andoniworks.RobotDreamTests;
				PRODUCT_NAME = "$(TARGET_NAME)";
				SWIFT_VERSION = 4.0;
				TARGETED_DEVICE_FAMILY = "1,2";
				TEST_HOST = "$(BUILT_PRODUCTS_DIR)/RobotDream.app/RobotDream";
			};
			name = Release;
		};
/* End XCBuildConfiguration section */

/* Begin XCConfigurationList section */
		027E6D34213AFFE300A65976 /* Build configuration list for PBXProject "RobotDream" */ = {
			isa = XCConfigurationList;
			buildConfigurations = (
				027E6D54213AFFE600A65976 /* Debug */,
				027E6D55213AFFE600A65976 /* Release */,
			);
			defaultConfigurationIsVisible = 0;
			defaultConfigurationName = Release;
		};
		027E6D56213AFFE600A65976 /* Build configuration list for PBXNativeTarget "RobotDream" */ = {
			isa = XCConfigurationList;
			buildConfigurations = (
				027E6D57213AFFE600A65976 /* Debug */,
				027E6D58213AFFE600A65976 /* Release */,
			);
			defaultConfigurationIsVisible = 0;
			defaultConfigurationName = Release;
		};
		027E6D59213AFFE600A65976 /* Build configuration list for PBXNativeTarget "RobotDreamTests" */ = {
			isa = XCConfigurationList;
			buildConfigurations = (
				027E6D5A213AFFE600A65976 /* Debug */,
				027E6D5B213AFFE600A65976 /* Release */,
			);
			defaultConfigurationIsVisible = 0;
			defaultConfigurationName = Release;
		};
/* End XCConfigurationList section */
	};
	rootObject = 027E6D31213AFFE300A65976 /* Project object */;
}
